
Microsoft Visual Studio Solution File, Format Version 12.00
# Visual Studio Version 16
VisualStudioVersion = 16.0.29123.88
MinimumVisualStudioVersion = 10.0.40219.1
Project("{FAE04EC0-301F-11D3-BF4B-00C04F79EFBC}") = "PRUEBA", "PRUEBA\PRUEBA.csproj", "{E1A1BCBC-D548-4BFC-A758-92D1E23E23D8}"
EndProject
Global
	GlobalSection(SolutionConfigurationPlatforms) = preSolution
		Debug|Any CPU = Debug|Any CPU
		Release|Any CPU = Release|Any CPU
	EndGlobalSection
	GlobalSection(ProjectConfigurationPlatforms) = postSolution
		{E1A1BCBC-D548-4BFC-A758-92D1E23E23D8}.Debug|Any CPU.ActiveCfg = Debug|Any CPU
		{E1A1BCBC-D548-4BFC-A758-92D1E23E23D8}.Debug|Any CPU.Build.0 = Debug|Any CPU
		{E1A1BCBC-D548-4BFC-A758-92D1E23E23D8}.Release|Any CPU.ActiveCfg = Release|Any CPU
		{E1A1BCBC-D548-4BFC-A758-92D1E23E23D8}.Release|Any CPU.Build.0 = Release|Any CPU
	EndGlobalSection
	GlobalSection(SolutionProperties) = preSolution
		HideSolutionNode = FALSE
	EndGlobalSection
	GlobalSection(ExtensibilityGlobals) = postSolution
		SolutionGuid = {7695213E-CEF9-4774-8409-BDC927F7B6F1}
	EndGlobalSection
EndGlobal
